
Microsoft Visual Studio Solution File, Format Version 12.00
Project("{FAE04EC0-301F-11D3-BF4B-00C04F79EFBC}") = "MauiTestApp", "MauiTestApp\MauiTestApp.csproj", "{A7F9C286-D31D-447E-8DA5-6B3F0AB10E3E}"
EndProject
Global
	GlobalSection(SolutionConfigurationPlatforms) = preSolution
		Debug|Any CPU = Debug|Any CPU
		Release|Any CPU = Release|Any CPU
	EndGlobalSection
	GlobalSection(ProjectConfigurationPlatforms) = postSolution
		{A7F9C286-D31D-447E-8DA5-6B3F0AB10E3E}.Debug|Any CPU.ActiveCfg = Debug|Any CPU
		{A7F9C286-D31D-447E-8DA5-6B3F0AB10E3E}.Debug|Any CPU.Build.0 = Debug|Any CPU
		{A7F9C286-D31D-447E-8DA5-6B3F0AB10E3E}.Release|Any CPU.ActiveCfg = Release|Any CPU
		{A7F9C286-D31D-447E-8DA5-6B3F0AB10E3E}.Release|Any CPU.Build.0 = Release|Any CPU
	EndGlobalSection
EndGlobal
